# THIS IS AN AUTOGENERATED FILE. DO NOT EDIT THIS FILE DIRECTLY.
# yarn lockfile v1


"@types/spark-md5@^3.0.2":
  version "3.0.2"
  resolved "https://registry.yarnpkg.com/@types/spark-md5/-/spark-md5-3.0.2.tgz#da2e8a778a20335fc4f40b6471c4b0d86b70da55"
  integrity sha512-82E/lVRaqelV9qmRzzJ1PKTpyrpnT7mwdneKNJB9hUtypZDMggloDfFUCIqRRx3lYRxteCwXSq9c+W71Vf0QnQ==

spark-md5@^3.0.2:
  version "3.0.2"
  resolved "https://registry.yarnpkg.com/spark-md5/-/spark-md5-3.0.2.tgz#7952c4a30784347abcee73268e473b9c0167e3fc"
  integrity sha512-wcFzz9cDfbuqe0FZzfi2or1sgyIrsDwmPwfZC4hiNidPdPINjeUwNfv5kldczoEAcjl9Y1L3SM7Uz2PUEQzxQw==
