lockfileVersion: 5.3

specifiers:
  '@hotwired/turbo': ^7.0.1
  '@rails/activestorage': ^6.1.4-1
  '@rails/ujs': ^6.1.4-1
  autoprefixer: ^10.4.0
  mrujs: link:../../..
  postcss: ^8.3.11
  postcss-flexbugs-fixes: ^5.0.2
  postcss-import: ^14.0.2
  postcss-preset-env: ^7.0.1
  turbolinks: ^5.2.0
  vite: ^2.6.14
  vite-plugin-ruby: ^3.0.2

dependencies:
  '@hotwired/turbo': 7.0.1
  '@rails/activestorage': 6.1.4-1
  '@rails/ujs': 6.1.4-1
  autoprefixer: 10.4.0_postcss@8.3.11
  mrujs: link:../../..
  postcss: 8.3.11
  postcss-flexbugs-fixes: 5.0.2_postcss@8.3.11
  postcss-import: 14.0.2_postcss@8.3.11
  postcss-preset-env: 7.0.1
  turbolinks: 5.2.0

devDependencies:
  vite: 2.6.14
  vite-plugin-ruby: 3.0.3_vite@2.6.14

packages:

  /@csstools/convert-colors/2.0.0:
    resolution: {integrity: sha512-P7BVvddsP2Wl5v3drJ3ArzpdfXMqoZ/oHOV/yFiGFb3JQr9Z9UXZ9tnHAKJsO89lfprR1F9ExW3Yij21EjEBIA==}
    engines: {node: '>=6.0.0'}
    dev: false

  /@hotwired/turbo/7.0.1:
    resolution: {integrity: sha512-awqraytYXbHV2NT0WAOnDDDGJeHHnFtnztdXvRuIqgsStUtPKM8B9H7ISm77SwbHemEjxEOB8Ku4RfNbEEXsPQ==}
    dev: false

  /@nodelib/fs.scandir/2.1.5:
    resolution: {integrity: sha512-vq24Bq3ym5HEQm2NKCr3yXDwjc7vTsEThRDnkp2DK9p1uqLR+DHurm/NOTo0KG7HYHU7eppKZj3MyqYuMBf62g==}
    engines: {node: '>= 8'}
    dependencies:
      '@nodelib/fs.stat': 2.0.5
      run-parallel: 1.2.0
    dev: true

  /@nodelib/fs.stat/2.0.5:
    resolution: {integrity: sha512-RkhPPp2zrqDAQA/2jNhnztcPAlv64XdhIp7a7454A5ovI7Bukxgt7MX7udwAu3zg1DcpPU0rz3VV1SeaqvY4+A==}
    engines: {node: '>= 8'}
    dev: true

  /@nodelib/fs.walk/1.2.8:
    resolution: {integrity: sha512-oGB+UxlgWcgQkgwo8GcEGwemoTFt3FIO9ababBmaGwXIoBKZ+GTy0pP185beGg7Llih/NSHSV2XAs1lnznocSg==}
    engines: {node: '>= 8'}
    dependencies:
      '@nodelib/fs.scandir': 2.1.5
      fastq: 1.13.0
    dev: true

  /@rails/activestorage/6.1.4-1:
    resolution: {integrity: sha512-G8L/3o1T8wJXrn24uoBi92XX/S/qPVgP1polNJ5ao03mdU/8tbtW0wWr0MTro4W/zGL23gjZjp2oge4qUTZjDw==}
    dependencies:
      spark-md5: 3.0.2
    dev: false

  /@rails/ujs/6.1.4-1:
    resolution: {integrity: sha512-Fewm2wHk1n6Kf4E86dzzHDJOFg4EWcSHH3FsMEGs59bTdmf7099mjkOssOQtBqju4R39iaAOQNui7r8P+Q5Dgg==}
    dev: false

  /autoprefixer/10.4.0_postcss@8.3.11:
    resolution: {integrity: sha512-7FdJ1ONtwzV1G43GDD0kpVMn/qbiNqyOPMFTX5nRffI+7vgWoFEc6DcXOxHJxrWNDXrZh18eDsZjvZGUljSRGA==}
    engines: {node: ^10 || ^12 || >=14}
    hasBin: true
    peerDependencies:
      postcss: ^8.1.0
    dependencies:
      browserslist: 4.18.1
      caniuse-lite: 1.0.30001283
      fraction.js: 4.1.2
      normalize-range: 0.1.2
      picocolors: 1.0.0
      postcss: 8.3.11
      postcss-value-parser: 4.1.0
    dev: false

  /balanced-match/1.0.2:
    resolution: {integrity: sha512-3oSeUO0TMV67hN1AmbXsK4yaqU7tjiHlbxRDZOpH0KW9+CeX4bRAaX0Anxt0tx2MrpRpWwQaPwIlISEJhYU5Pw==}
    dev: false

  /braces/3.0.2:
    resolution: {integrity: sha512-b8um+L1RzM3WDSzvhm6gIz1yfTbBt6YTlcEKAvsmqCZZFw46z626lVj9j1yEPW33H5H+lBQpZMP1k8l+78Ha0A==}
    engines: {node: '>=8'}
    dependencies:
      fill-range: 7.0.1
    dev: true

  /browserslist/4.18.1:
    resolution: {integrity: sha512-8ScCzdpPwR2wQh8IT82CA2VgDwjHyqMovPBZSNH54+tm4Jk2pCuv90gmAdH6J84OCRWi0b4gMe6O6XPXuJnjgQ==}
    engines: {node: ^6 || ^7 || ^8 || ^9 || ^10 || ^11 || ^12 || >=13.7}
    hasBin: true
    dependencies:
      caniuse-lite: 1.0.30001283
      electron-to-chromium: 1.4.4
      escalade: 3.1.1
      node-releases: 2.0.1
      picocolors: 1.0.0
    dev: false

  /caniuse-lite/1.0.30001283:
    resolution: {integrity: sha512-9RoKo841j1GQFSJz/nCXOj0sD7tHBtlowjYlrqIUS812x9/emfBLBt6IyMz1zIaYc/eRL8Cs6HPUVi2Hzq4sIg==}
    dev: false

  /color-name/1.1.4:
    resolution: {integrity: sha512-dOy+3AuW3a2wNbZHIuMZpTcgjGuLU/uBL/ubcZF9OXbDo8ff4O8yVp5Bf0efS8uEoYo5q4Fx7dY9OgQGXgAsQA==}
    dev: false

  /css-blank-pseudo/2.0.0_postcss@8.3.11:
    resolution: {integrity: sha512-n7fxEOyuvAVPLPb9kL4XTIK/gnp2fKQ7KFQ+9lj60W9pDn/jTr5LjS/kHHm+rES/YJ3m0S6+uJgYSuAJg9zOyA==}
    engines: {node: '>=10.0.0'}
    hasBin: true
    peerDependencies:
      postcss: ^8.3
    dependencies:
      postcss: 8.3.11
    dev: false

  /css-has-pseudo/2.0.0_postcss@8.3.11:
    resolution: {integrity: sha512-URYSGI0ggED1W1/xOAH0Zn1bf+YL6tYh1PQzAPlWddEAyyO37mPqMbwCzSjTTNmeCR8BMNXSFLaT5xb6MERdAA==}
    engines: {node: '>=12'}
    hasBin: true
    peerDependencies:
      postcss: '>=8.3'
    dependencies:
      postcss: 8.3.11
      postcss-selector-parser: 6.0.6
    dev: false

  /css-prefers-color-scheme/5.0.0_postcss@8.3.11:
    resolution: {integrity: sha512-XpzVrdwbppHm+Nnrzcb/hQb8eq1aKv4U8Oh59LsLfTsbIZZ6Fvn9razb66ihH2aTJ0VhO9n9sVm8piyKXJAZMA==}
    engines: {node: '>=12'}
    hasBin: true
    peerDependencies:
      postcss: ^8.3
    dependencies:
      postcss: 8.3.11
    dev: false

  /cssdb/5.0.0:
    resolution: {integrity: sha512-Q7982SynYCtcLUBCPgUPFy2TZmDiFyimpdln8K2v4w2c07W4rXL7q5F1ksVAqOAQfxKyyUGCKSsioezKT5bU1Q==}
    dev: false

  /cssesc/3.0.0:
    resolution: {integrity: sha512-/Tb/JcjK111nNScGob5MNtsntNM1aCNUDipB/TkwZFhyDrrE47SOx/18wF2bbjgc3ZzCSKW1T5nt5EbFoAz/Vg==}
    engines: {node: '>=4'}
    hasBin: true
    dev: false

  /debug/4.3.2:
    resolution: {integrity: sha512-mOp8wKcvj7XxC78zLgw/ZA+6TSgkoE2C/ienthhRD298T7UNwAg9diBpLRxC0mOezLl4B0xV7M0cCO6P/O0Xhw==}
    engines: {node: '>=6.0'}
    peerDependencies:
      supports-color: '*'
    peerDependenciesMeta:
      supports-color:
        optional: true
    dependencies:
      ms: 2.1.2
    dev: true

  /electron-to-chromium/1.4.4:
    resolution: {integrity: sha512-teHtgwcmVcL46jlFvAaqjyiTLWuMrUQO1JqV303JKB4ysXG6m8fXSFhbjal9st0r9mNskI22AraJZorb1VcLVg==}
    dev: false

  /esbuild-android-arm64/0.13.15:
    resolution: {integrity: sha512-m602nft/XXeO8YQPUDVoHfjyRVPdPgjyyXOxZ44MK/agewFFkPa8tUo6lAzSWh5Ui5PB4KR9UIFTSBKh/RrCmg==}
    cpu: [arm64]
    os: [android]
    requiresBuild: true
    dev: true
    optional: true

  /esbuild-darwin-64/0.13.15:
    resolution: {integrity: sha512-ihOQRGs2yyp7t5bArCwnvn2Atr6X4axqPpEdCFPVp7iUj4cVSdisgvEKdNR7yH3JDjW6aQDw40iQFoTqejqxvQ==}
    cpu: [x64]
    os: [darwin]
    requiresBuild: true
    dev: true
    optional: true

  /esbuild-darwin-arm64/0.13.15:
    resolution: {integrity: sha512-i1FZssTVxUqNlJ6cBTj5YQj4imWy3m49RZRnHhLpefFIh0To05ow9DTrXROTE1urGTQCloFUXTX8QfGJy1P8dQ==}
    cpu: [arm64]
    os: [darwin]
    requiresBuild: true
    dev: true
    optional: true

  /esbuild-freebsd-64/0.13.15:
    resolution: {integrity: sha512-G3dLBXUI6lC6Z09/x+WtXBXbOYQZ0E8TDBqvn7aMaOCzryJs8LyVXKY4CPnHFXZAbSwkCbqiPuSQ1+HhrNk7EA==}
    cpu: [x64]
    os: [freebsd]
    requiresBuild: true
    dev: true
    optional: true

  /esbuild-freebsd-arm64/0.13.15:
    resolution: {integrity: sha512-KJx0fzEDf1uhNOZQStV4ujg30WlnwqUASaGSFPhznLM/bbheu9HhqZ6mJJZM32lkyfGJikw0jg7v3S0oAvtvQQ==}
    cpu: [arm64]
    os: [freebsd]
    requiresBuild: true
    dev: true
    optional: true

  /esbuild-linux-32/0.13.15:
    resolution: {integrity: sha512-ZvTBPk0YWCLMCXiFmD5EUtB30zIPvC5Itxz0mdTu/xZBbbHJftQgLWY49wEPSn2T/TxahYCRDWun5smRa0Tu+g==}
    cpu: [ia32]
    os: [linux]
    requiresBuild: true
    dev: true
    optional: true

  /esbuild-linux-64/0.13.15:
    resolution: {integrity: sha512-eCKzkNSLywNeQTRBxJRQ0jxRCl2YWdMB3+PkWFo2BBQYC5mISLIVIjThNtn6HUNqua1pnvgP5xX0nHbZbPj5oA==}
    cpu: [x64]
    os: [linux]
    requiresBuild: true
    dev: true
    optional: true

  /esbuild-linux-arm/0.13.15:
    resolution: {integrity: sha512-wUHttDi/ol0tD8ZgUMDH8Ef7IbDX+/UsWJOXaAyTdkT7Yy9ZBqPg8bgB/Dn3CZ9SBpNieozrPRHm0BGww7W/jA==}
    cpu: [arm]
    os: [linux]
    requiresBuild: true
    dev: true
    optional: true

  /esbuild-linux-arm64/0.13.15:
    resolution: {integrity: sha512-bYpuUlN6qYU9slzr/ltyLTR9YTBS7qUDymO8SV7kjeNext61OdmqFAzuVZom+OLW1HPHseBfJ/JfdSlx8oTUoA==}
    cpu: [arm64]
    os: [linux]
    requiresBuild: true
    dev: true
    optional: true

  /esbuild-linux-mips64le/0.13.15:
    resolution: {integrity: sha512-KlVjIG828uFPyJkO/8gKwy9RbXhCEUeFsCGOJBepUlpa7G8/SeZgncUEz/tOOUJTcWMTmFMtdd3GElGyAtbSWg==}
    cpu: [mips64el]
    os: [linux]
    requiresBuild: true
    dev: true
    optional: true

  /esbuild-linux-ppc64le/0.13.15:
    resolution: {integrity: sha512-h6gYF+OsaqEuBjeesTBtUPw0bmiDu7eAeuc2OEH9S6mV9/jPhPdhOWzdeshb0BskRZxPhxPOjqZ+/OqLcxQwEQ==}
    cpu: [ppc64]
    os: [linux]
    requiresBuild: true
    dev: true
    optional: true

  /esbuild-netbsd-64/0.13.15:
    resolution: {integrity: sha512-3+yE9emwoevLMyvu+iR3rsa+Xwhie7ZEHMGDQ6dkqP/ndFzRHkobHUKTe+NCApSqG5ce2z4rFu+NX/UHnxlh3w==}
    cpu: [x64]
    os: [netbsd]
    requiresBuild: true
    dev: true
    optional: true

  /esbuild-openbsd-64/0.13.15:
    resolution: {integrity: sha512-wTfvtwYJYAFL1fSs8yHIdf5GEE4NkbtbXtjLWjM3Cw8mmQKqsg8kTiqJ9NJQe5NX/5Qlo7Xd9r1yKMMkHllp5g==}
    cpu: [x64]
    os: [openbsd]
    requiresBuild: true
    dev: true
    optional: true

  /esbuild-sunos-64/0.13.15:
    resolution: {integrity: sha512-lbivT9Bx3t1iWWrSnGyBP9ODriEvWDRiweAs69vI+miJoeKwHWOComSRukttbuzjZ8r1q0mQJ8Z7yUsDJ3hKdw==}
    cpu: [x64]
    os: [sunos]
    requiresBuild: true
    dev: true
    optional: true

  /esbuild-windows-32/0.13.15:
    resolution: {integrity: sha512-fDMEf2g3SsJ599MBr50cY5ve5lP1wyVwTe6aLJsM01KtxyKkB4UT+fc5MXQFn3RLrAIAZOG+tHC+yXObpSn7Nw==}
    cpu: [ia32]
    os: [win32]
    requiresBuild: true
    dev: true
    optional: true

  /esbuild-windows-64/0.13.15:
    resolution: {integrity: sha512-9aMsPRGDWCd3bGjUIKG/ZOJPKsiztlxl/Q3C1XDswO6eNX/Jtwu4M+jb6YDH9hRSUflQWX0XKAfWzgy5Wk54JQ==}
    cpu: [x64]
    os: [win32]
    requiresBuild: true
    dev: true
    optional: true

  /esbuild-windows-arm64/0.13.15:
    resolution: {integrity: sha512-zzvyCVVpbwQQATaf3IG8mu1IwGEiDxKkYUdA4FpoCHi1KtPa13jeScYDjlW0Qh+ebWzpKfR2ZwvqAQkSWNcKjA==}
    cpu: [arm64]
    os: [win32]
    requiresBuild: true
    dev: true
    optional: true

  /esbuild/0.13.15:
    resolution: {integrity: sha512-raCxt02HBKv8RJxE8vkTSCXGIyKHdEdGfUmiYb8wnabnaEmHzyW7DCHb5tEN0xU8ryqg5xw54mcwnYkC4x3AIw==}
    hasBin: true
    requiresBuild: true
    optionalDependencies:
      esbuild-android-arm64: 0.13.15
      esbuild-darwin-64: 0.13.15
      esbuild-darwin-arm64: 0.13.15
      esbuild-freebsd-64: 0.13.15
      esbuild-freebsd-arm64: 0.13.15
      esbuild-linux-32: 0.13.15
      esbuild-linux-64: 0.13.15
      esbuild-linux-arm: 0.13.15
      esbuild-linux-arm64: 0.13.15
      esbuild-linux-mips64le: 0.13.15
      esbuild-linux-ppc64le: 0.13.15
      esbuild-netbsd-64: 0.13.15
      esbuild-openbsd-64: 0.13.15
      esbuild-sunos-64: 0.13.15
      esbuild-windows-32: 0.13.15
      esbuild-windows-64: 0.13.15
      esbuild-windows-arm64: 0.13.15
    dev: true

  /escalade/3.1.1:
    resolution: {integrity: sha512-k0er2gUkLf8O0zKJiAhmkTnJlTvINGv7ygDNPbeIsX/TJjGJZHuh9B2UxbsaEkmlEo9MfhrSzmhIlhRlI2GXnw==}
    engines: {node: '>=6'}
    dev: false

  /fast-glob/3.2.7:
    resolution: {integrity: sha512-rYGMRwip6lUMvYD3BTScMwT1HtAs2d71SMv66Vrxs0IekGZEjhM0pcMfjQPnknBt2zeCwQMEupiN02ZP4DiT1Q==}
    engines: {node: '>=8'}
    dependencies:
      '@nodelib/fs.stat': 2.0.5
      '@nodelib/fs.walk': 1.2.8
      glob-parent: 5.1.2
      merge2: 1.4.1
      micromatch: 4.0.4
    dev: true

  /fastq/1.13.0:
    resolution: {integrity: sha512-YpkpUnK8od0o1hmeSc7UUs/eB/vIPWJYjKck2QKIzAf71Vm1AAQ3EbuZB3g2JIy+pg+ERD0vqI79KyZiB2e2Nw==}
    dependencies:
      reusify: 1.0.4
    dev: true

  /fill-range/7.0.1:
    resolution: {integrity: sha512-qOo9F+dMUmC2Lcb4BbVvnKJxTPjCm+RRpe4gDuGrzkL7mEVl/djYSu2OdQ2Pa302N4oqkSg9ir6jaLWJ2USVpQ==}
    engines: {node: '>=8'}
    dependencies:
      to-regex-range: 5.0.1
    dev: true

  /fraction.js/4.1.2:
    resolution: {integrity: sha512-o2RiJQ6DZaR/5+Si0qJUIy637QMRudSi9kU/FFzx9EZazrIdnBgpU+3sEWCxAVhH2RtxW2Oz+T4p2o8uOPVcgA==}
    dev: false

  /fsevents/2.3.2:
    resolution: {integrity: sha512-xiqMQR4xAeHTuB9uWm+fFRcIOgKBMiOBP+eXiyT7jsgVCq1bkVygt00oASowB7EdtpOHaaPgKt812P9ab+DDKA==}
    engines: {node: ^8.16.0 || ^10.6.0 || >=11.0.0}
    os: [darwin]
    requiresBuild: true
    dev: true
    optional: true

  /function-bind/1.1.1:
    resolution: {integrity: sha512-yIovAzMX49sF8Yl58fSCWJ5svSLuaibPxXQJFLmBObTuCr0Mf1KiPopGM9NiFjiYBCbfaa2Fh6breQ6ANVTI0A==}

  /glob-parent/5.1.2:
    resolution: {integrity: sha512-AOIgSQCepiJYwP3ARnGx+5VnTu2HBYdzbGP45eLw1vr3zB3vZLeyed1sC9hnbcOc9/SrMyM5RPQrkGz4aS9Zow==}
    engines: {node: '>= 6'}
    dependencies:
      is-glob: 4.0.3
    dev: true

  /has/1.0.3:
    resolution: {integrity: sha512-f2dvO0VU6Oej7RkWJGrehjbzMAjFp5/VKPp5tTpWIV4JHHZK1/BxbFRtf/siA2SWTe09caDmVtYYzWEIbBS4zw==}
    engines: {node: '>= 0.4.0'}
    dependencies:
      function-bind: 1.1.1

  /is-core-module/2.8.0:
    resolution: {integrity: sha512-vd15qHsaqrRL7dtH6QNuy0ndJmRDrS9HAM1CAiSifNUFv4x1a0CCVsj18hJ1mShxIG6T2i1sO78MkP56r0nYRw==}
    dependencies:
      has: 1.0.3

  /is-extglob/2.1.1:
    resolution: {integrity: sha1-qIwCU1eR8C7TfHahueqXc8gz+MI=}
    engines: {node: '>=0.10.0'}
    dev: true

  /is-glob/4.0.3:
    resolution: {integrity: sha512-xelSayHH36ZgE7ZWhli7pW34hNbNl8Ojv5KVmkJD4hBdD3th8Tfk9vYasLM+mXWOZhFkgZfxhLSnrwRr4elSSg==}
    engines: {node: '>=0.10.0'}
    dependencies:
      is-extglob: 2.1.1
    dev: true

  /is-number/7.0.0:
    resolution: {integrity: sha512-41Cifkg6e8TylSpdtTpeLVMqvSBEVzTttHvERD741+pnZ8ANv0004MRL43QKPDlK9cGvNp6NZWZUBlbGXYxxng==}
    engines: {node: '>=0.12.0'}
    dev: true

  /is-url-superb/4.0.0:
    resolution: {integrity: sha512-GI+WjezhPPcbM+tqE9LnmsY5qqjwHzTvjJ36wxYX5ujNXefSUJ/T17r5bqDV8yLhcgB59KTPNOc9O9cmHTPWsA==}
    engines: {node: '>=10'}
    dev: false

  /merge2/1.4.1:
    resolution: {integrity: sha512-8q7VEgMJW4J8tcfVPy8g09NcQwZdbwFEqhe/WZkoIzjn/3TGDwtOCYtXGxA3O8tPzpczCCDgv+P2P5y00ZJOOg==}
    engines: {node: '>= 8'}
    dev: true

  /micromatch/4.0.4:
    resolution: {integrity: sha512-pRmzw/XUcwXGpD9aI9q/0XOwLNygjETJ8y0ao0wdqprrzDa4YnxLcz7fQRZr8voh8V10kGhABbNcHVk5wHgWwg==}
    engines: {node: '>=8.6'}
    dependencies:
      braces: 3.0.2
      picomatch: 2.3.0
    dev: true

  /ms/2.1.2:
    resolution: {integrity: sha512-sGkPx+VjMtmA6MX27oA4FBFELFCZZ4S4XqeGOXCv68tT+jb3vk/RyaKWP0PTKyWtmLSM0b+adUTEvbs1PEaH2w==}
    dev: true

  /nanoid/3.1.30:
    resolution: {integrity: sha512-zJpuPDwOv8D2zq2WRoMe1HsfZthVewpel9CAvTfc/2mBD1uUT/agc5f7GHGWXlYkFvi1mVxe4IjvP2HNrop7nQ==}
    engines: {node: ^10 || ^12 || ^13.7 || ^14 || >=15.0.1}
    hasBin: true

  /node-releases/2.0.1:
    resolution: {integrity: sha512-CqyzN6z7Q6aMeF/ktcMVTzhAHCEpf8SOarwpzpf8pNBY2k5/oM34UHldUwp8VKI7uxct2HxSRdJjBaZeESzcxA==}
    dev: false

  /normalize-range/0.1.2:
    resolution: {integrity: sha1-LRDAa9/TEuqXd2laTShDlFa3WUI=}
    engines: {node: '>=0.10.0'}
    dev: false

  /path-parse/1.0.7:
    resolution: {integrity: sha512-LDJzPVEEEPR+y48z93A0Ed0yXb8pAByGWo/k5YYdYgpY2/2EsOsksJrq7lOHxryrVOn1ejG6oAp8ahvOIQD8sw==}

  /picocolors/1.0.0:
    resolution: {integrity: sha512-1fygroTLlHu66zi26VoTDv8yRgm0Fccecssto+MhsZ0D/DGW2sm8E8AjW7NU5VVTRt5GxbeZ5qBuJr+HyLYkjQ==}

  /picomatch/2.3.0:
    resolution: {integrity: sha512-lY1Q/PiJGC2zOv/z391WOTD+Z02bCgsFfvxoXXf6h7kv9o+WmsmzYqrAwY63sNgOxE4xEdq0WyUnXfKeBrSvYw==}
    engines: {node: '>=8.6'}
    dev: true

  /pify/2.3.0:
    resolution: {integrity: sha1-7RQaasBDqEnqWISY59yosVMw6Qw=}
    engines: {node: '>=0.10.0'}
    dev: false

  /postcss-attribute-case-insensitive/5.0.0_postcss@8.3.11:
    resolution: {integrity: sha512-b4g9eagFGq9T5SWX4+USfVyjIb3liPnjhHHRMP7FMB2kFVpYyfEscV0wP3eaXhKlcHKUut8lt5BGoeylWA/dBQ==}
    peerDependencies:
      postcss: ^8.0.2
    dependencies:
      postcss: 8.3.11
      postcss-selector-parser: 6.0.6
    dev: false

  /postcss-color-functional-notation/4.0.1_postcss@8.3.11:
    resolution: {integrity: sha512-qxD/7Q2rdmqJLSYxlJFJM9gVdyVLTBVrOUc+B6+KbOe4t2G2KnoI3HdimdK4PerGLqAqKnEVGgal7YKImm0g+w==}
    engines: {node: '>=12'}
    peerDependencies:
      postcss: ^8.3
    dependencies:
      postcss: 8.3.11
      postcss-values-parser: 6.0.1_postcss@8.3.11
    dev: false

  /postcss-color-hex-alpha/8.0.0_postcss@8.3.11:
    resolution: {integrity: sha512-Z0xiE0j+hbefUj0LWOMkzmTIS7k+dqJKzLwoKww0KJhju/sWXr+84Yk7rmvFoML/4LjGpJgefZvDwExrsWfHZw==}
    engines: {node: '>=10.0.0'}
    peerDependencies:
      postcss: ^8.3.7
    dependencies:
      postcss: 8.3.11
      postcss-values-parser: 6.0.1_postcss@8.3.11
    dev: false

  /postcss-color-rebeccapurple/7.0.0_postcss@8.3.11:
    resolution: {integrity: sha512-+Ogw3SA0ESjjO87S8Dn+aAEHK6hFAWAVbTVnyXnmbV6Xh0TKi0vXpzhlKG/yrxujxtlgQcMQNQjg75uWWv28xA==}
    engines: {node: '>=12'}
    peerDependencies:
      postcss: ^8.3
    dependencies:
      postcss: 8.3.11
      postcss-values-parser: 6.0.1_postcss@8.3.11
    dev: false

  /postcss-custom-media/8.0.0_postcss@8.3.11:
    resolution: {integrity: sha512-FvO2GzMUaTN0t1fBULDeIvxr5IvbDXcIatt6pnJghc736nqNgsGao5NT+5+WVLAQiTt6Cb3YUms0jiPaXhL//g==}
    engines: {node: '>=10.0.0'}
    peerDependencies:
      postcss: ^8.1.0
    dependencies:
      postcss: 8.3.11
    dev: false

  /postcss-custom-properties/12.0.0_postcss@8.3.11:
    resolution: {integrity: sha512-eAyX3rMjZKxdne6tWKjkWbNWfw6bbv4xTsrjNJ7C3uGDODrzbQXR+ueshRkw7Lhlhc3qyTmYH/sFfD0AbhgdSQ==}
    engines: {node: '>=12'}
    peerDependencies:
      postcss: ^8.3
    dependencies:
      postcss: 8.3.11
      postcss-values-parser: 6.0.1_postcss@8.3.11
    dev: false

  /postcss-custom-selectors/6.0.0_postcss@8.3.11:
    resolution: {integrity: sha512-/1iyBhz/W8jUepjGyu7V1OPcGbc636snN1yXEQCinb6Bwt7KxsiU7/bLQlp8GwAXzCh7cobBU5odNn/2zQWR8Q==}
    engines: {node: '>=10.0.0'}
    peerDependencies:
      postcss: ^8.1.2
    dependencies:
      postcss: 8.3.11
      postcss-selector-parser: 6.0.6
    dev: false

  /postcss-dir-pseudo-class/6.0.0_postcss@8.3.11:
    resolution: {integrity: sha512-TC4eB5ZnLRSV1PLsAPualEjxFysU9IVEBx8h+Md2qzo8iWdNqwWCckx5fTWfe6dJxUpB0TWEpWEFhZ/YHvjSCA==}
    engines: {node: '>=12'}
    peerDependencies:
      postcss: ^8.3
    dependencies:
      postcss: 8.3.11
      postcss-selector-parser: 6.0.6
    dev: false

  /postcss-double-position-gradients/3.0.1_postcss@8.3.11:
    resolution: {integrity: sha512-L18N4Y1gpKQPEnZ6JOxO3H5gswZzTNR+ZqruZG7cOtOF/GR6J1YBRKn5hdTn3Vs4Y9XuDqaBD8vIXFIEft9Jqw==}
    engines: {node: '>=12'}
    peerDependencies:
      postcss: ^8.3
    dependencies:
      postcss: 8.3.11
      postcss-values-parser: 6.0.1_postcss@8.3.11
    dev: false

  /postcss-env-function/4.0.2_postcss@8.3.11:
    resolution: {integrity: sha512-VXKv0Vskq7olS3Q2zj38G4au4PkW+YWBRgng2Czx0pP9PyqU6uzjS6uVU1VkJN8i0OTPM7g82YFUdiz/7pEvpg==}
    engines: {node: '>=12'}
    peerDependencies:
      postcss: ^8.3
    dependencies:
      postcss: 8.3.11
      postcss-values-parser: 6.0.1_postcss@8.3.11
    dev: false

  /postcss-flexbugs-fixes/5.0.2_postcss@8.3.11:
    resolution: {integrity: sha512-18f9voByak7bTktR2QgDveglpn9DTbBWPUzSOe9g0N4WR/2eSt6Vrcbf0hmspvMI6YWGywz6B9f7jzpFNJJgnQ==}
    peerDependencies:
      postcss: ^8.1.4
    dependencies:
      postcss: 8.3.11
    dev: false

  /postcss-focus-visible/6.0.1_postcss@8.3.11:
    resolution: {integrity: sha512-UddLlBmJ78Nu7OrKME70EKxCPBdxTx7pKIyD3GDNRM8Tnq19zmscT9QzsvR8gygz0i0nNUjMtSz4N3AEWZ5R/Q==}
    engines: {node: '>=12'}
    peerDependencies:
      postcss: ^8.3
    dependencies:
      postcss: 8.3.11
    dev: false

  /postcss-focus-within/5.0.1_postcss@8.3.11:
    resolution: {integrity: sha512-50v1AZVlFSVzLTNdBQG521Aa54VABf/X1RkhR8Fm/9dDQby0W0XdwOnuo8Juvf0ZZXbKkxyTkyyQD0QaNVZVGg==}
    engines: {node: '>=12'}
    peerDependencies:
      postcss: ^8.3
    dependencies:
      postcss: 8.3.11
    dev: false

  /postcss-font-variant/5.0.0_postcss@8.3.11:
    resolution: {integrity: sha512-1fmkBaCALD72CK2a9i468mA/+tr9/1cBxRRMXOUaZqO43oWPR5imcyPjXwuv7PXbCid4ndlP5zWhidQVVa3hmA==}
    peerDependencies:
      postcss: ^8.1.0
    dependencies:
      postcss: 8.3.11
    dev: false

  /postcss-gap-properties/3.0.0_postcss@8.3.11:
    resolution: {integrity: sha512-QJOkz1epC/iCuOdhQPm3n9T+F25+P+MYJEEcs5xz/Q+020mc9c6ZRGJkzPJd8FS9hFmT9eEKFEx9PEDl+lH5og==}
    engines: {node: '>=12'}
    peerDependencies:
      postcss: ^8.3
    dependencies:
      postcss: 8.3.11
    dev: false

  /postcss-image-set-function/4.0.2_postcss@8.3.11:
    resolution: {integrity: sha512-NbTOc3xOq/YjIJS8/UVnhI16NxRuCiEWjem0eYt87sKvjdpk00niQ9oVo3eSR+kmMKWIO979x3j5i1GYJNxe1A==}
    engines: {node: '>=12'}
    peerDependencies:
      postcss: ^8.3
    dependencies:
      postcss: 8.3.11
      postcss-values-parser: 6.0.1_postcss@8.3.11
    dev: false

  /postcss-import/14.0.2_postcss@8.3.11:
    resolution: {integrity: sha512-BJ2pVK4KhUyMcqjuKs9RijV5tatNzNa73e/32aBVE/ejYPe37iH+6vAu9WvqUkB5OAYgLHzbSvzHnorybJCm9g==}
    engines: {node: '>=10.0.0'}
    peerDependencies:
      postcss: ^8.0.0
    dependencies:
      postcss: 8.3.11
      postcss-value-parser: 4.1.0
      read-cache: 1.0.0
      resolve: 1.20.0
    dev: false

  /postcss-initial/4.0.1_postcss@8.3.11:
    resolution: {integrity: sha512-0ueD7rPqX8Pn1xJIjay0AZeIuDoF+V+VvMt/uOnn+4ezUKhZM/NokDeP6DwMNyIoYByuN/94IQnt5FEkaN59xQ==}
    peerDependencies:
      postcss: ^8.0.0
    dependencies:
      postcss: 8.3.11
    dev: false

  /postcss-lab-function/4.0.1_postcss@8.3.11:
    resolution: {integrity: sha512-8F2keZUlUiX/tznbCZ5y3Bmx6pnc19kvL4oq+x+uoK0ZYQjUWmHDdVHBG6iMq2T0Fteu+AgGAo94UcIsL4ay2w==}
    engines: {node: '>=12'}
    peerDependencies:
      postcss: ^8.3
    dependencies:
      '@csstools/convert-colors': 2.0.0
      postcss: 8.3.11
      postcss-values-parser: 6.0.1_postcss@8.3.11
    dev: false

  /postcss-logical/5.0.0_postcss@8.3.11:
    resolution: {integrity: sha512-fWEWMn/xf6F9SMzAD7OS0GTm8Qh1BlBmEbVT/YZGYhwipQEwOpO7YOOu+qnzLksDg9JjLRj5tLmeN8OW8+ogIA==}
    engines: {node: '>=12'}
    peerDependencies:
      postcss: ^8.3
    dependencies:
      postcss: 8.3.11
    dev: false

  /postcss-media-minmax/5.0.0_postcss@8.3.11:
    resolution: {integrity: sha512-yDUvFf9QdFZTuCUg0g0uNSHVlJ5X1lSzDZjPSFaiCWvjgsvu8vEVxtahPrLMinIDEEGnx6cBe6iqdx5YWz08wQ==}
    engines: {node: '>=10.0.0'}
    peerDependencies:
      postcss: ^8.1.0
    dependencies:
      postcss: 8.3.11
    dev: false

  /postcss-nesting/10.0.2_postcss@8.3.11:
    resolution: {integrity: sha512-FdecapAKIe+kp6uLNW7icw1g1B2HRhAAfsNv/TPzopeM08gpUbnBpqKSVqxrCqLDwzQG854ZJn5I0BiJ35WvmA==}
    engines: {node: '>= 12'}
    peerDependencies:
      postcss: ^8.2
    dependencies:
      postcss: 8.3.11
      postcss-selector-parser: 6.0.6
    dev: false

  /postcss-overflow-shorthand/3.0.0_postcss@8.3.11:
    resolution: {integrity: sha512-4fTapLT68wUoIr4m3Z0sKn1NbXX0lJYvj4aDA2++KpNx8wMSVf55UuLPz0nSjXa7dV1p0xQHlJ0iFJRNrSY2mw==}
    engines: {node: '>=12'}
    peerDependencies:
      postcss: ^8.3
    dependencies:
      postcss: 8.3.11
    dev: false

  /postcss-page-break/3.0.4_postcss@8.3.11:
    resolution: {integrity: sha512-1JGu8oCjVXLa9q9rFTo4MbeeA5FMe00/9C7lN4va606Rdb+HkxXtXsmEDrIraQ11fGz/WvKWa8gMuCKkrXpTsQ==}
    peerDependencies:
      postcss: ^8
    dependencies:
      postcss: 8.3.11
    dev: false

  /postcss-place/7.0.1_postcss@8.3.11:
    resolution: {integrity: sha512-X+vHHzqZjI4JbSoj3uYpL6rGRUHE1O9F8g+jBFn5U94U0t6GjJuL/xSN7tU6Pnm9tpfXioHfxwt9E8+JrCB9OQ==}
    engines: {node: '>=12'}
    peerDependencies:
      postcss: ^8.3
    dependencies:
      postcss: 8.3.11
      postcss-values-parser: 6.0.1_postcss@8.3.11
    dev: false

  /postcss-preset-env/7.0.1:
    resolution: {integrity: sha512-oB7IJGwLBEwnao823mS2b9hqbp5Brm0EZKWRVROayjGwyPQVjY9gZpPZk/ItFakdx7GAPgv3ya+9R3KrUqCwYA==}
    engines: {node: '>=12'}
    dependencies:
      autoprefixer: 10.4.0_postcss@8.3.11
      browserslist: 4.18.1
      caniuse-lite: 1.0.30001283
      css-blank-pseudo: 2.0.0_postcss@8.3.11
      css-has-pseudo: 2.0.0_postcss@8.3.11
      css-prefers-color-scheme: 5.0.0_postcss@8.3.11
      cssdb: 5.0.0
      postcss: 8.3.11
      postcss-attribute-case-insensitive: 5.0.0_postcss@8.3.11
      postcss-color-functional-notation: 4.0.1_postcss@8.3.11
      postcss-color-hex-alpha: 8.0.0_postcss@8.3.11
      postcss-color-rebeccapurple: 7.0.0_postcss@8.3.11
      postcss-custom-media: 8.0.0_postcss@8.3.11
      postcss-custom-properties: 12.0.0_postcss@8.3.11
      postcss-custom-selectors: 6.0.0_postcss@8.3.11
      postcss-dir-pseudo-class: 6.0.0_postcss@8.3.11
      postcss-double-position-gradients: 3.0.1_postcss@8.3.11
      postcss-env-function: 4.0.2_postcss@8.3.11
      postcss-focus-visible: 6.0.1_postcss@8.3.11
      postcss-focus-within: 5.0.1_postcss@8.3.11
      postcss-font-variant: 5.0.0_postcss@8.3.11
      postcss-gap-properties: 3.0.0_postcss@8.3.11
      postcss-image-set-function: 4.0.2_postcss@8.3.11
      postcss-initial: 4.0.1_postcss@8.3.11
      postcss-lab-function: 4.0.1_postcss@8.3.11
      postcss-logical: 5.0.0_postcss@8.3.11
      postcss-media-minmax: 5.0.0_postcss@8.3.11
      postcss-nesting: 10.0.2_postcss@8.3.11
      postcss-overflow-shorthand: 3.0.0_postcss@8.3.11
      postcss-page-break: 3.0.4_postcss@8.3.11
      postcss-place: 7.0.1_postcss@8.3.11
      postcss-pseudo-class-any-link: 7.0.0_postcss@8.3.11
      postcss-replace-overflow-wrap: 4.0.0_postcss@8.3.11
      postcss-selector-not: 5.0.0_postcss@8.3.11
    dev: false

  /postcss-pseudo-class-any-link/7.0.0_postcss@8.3.11:
    resolution: {integrity: sha512-Q4KjHlyBo91nvW+wTDZHGYcjtlSSkYwxweMuq1g8+dx1S8qAnedItvHLnbdAAdqJCZP1is5dLqiI8TvfJ+cjVQ==}
    engines: {node: '>=12'}
    peerDependencies:
      postcss: ^8.3
    dependencies:
      postcss: 8.3.11
      postcss-selector-parser: 6.0.6
    dev: false

  /postcss-replace-overflow-wrap/4.0.0_postcss@8.3.11:
    resolution: {integrity: sha512-KmF7SBPphT4gPPcKZc7aDkweHiKEEO8cla/GjcBK+ckKxiZslIu3C4GCRW3DNfL0o7yW7kMQu9xlZ1kXRXLXtw==}
    peerDependencies:
      postcss: ^8.0.3
    dependencies:
      postcss: 8.3.11
    dev: false

  /postcss-selector-not/5.0.0_postcss@8.3.11:
    resolution: {integrity: sha512-/2K3A4TCP9orP4TNS7u3tGdRFVKqz/E6pX3aGnriPG0jU78of8wsUcqE4QAhWEU0d+WnMSF93Ah3F//vUtK+iQ==}
    peerDependencies:
      postcss: ^8.1.0
    dependencies:
      balanced-match: 1.0.2
      postcss: 8.3.11
    dev: false

  /postcss-selector-parser/6.0.6:
    resolution: {integrity: sha512-9LXrvaaX3+mcv5xkg5kFwqSzSH1JIObIx51PrndZwlmznwXRfxMddDvo9gve3gVR8ZTKgoFDdWkbRFmEhT4PMg==}
    engines: {node: '>=4'}
    dependencies:
      cssesc: 3.0.0
      util-deprecate: 1.0.2
    dev: false

  /postcss-value-parser/4.1.0:
    resolution: {integrity: sha512-97DXOFbQJhk71ne5/Mt6cOu6yxsSfM0QGQyl0L25Gca4yGWEGJaig7l7gbCX623VqTBNGLRLaVUCnNkcedlRSQ==}
    dev: false

  /postcss-values-parser/6.0.1_postcss@8.3.11:
    resolution: {integrity: sha512-hH3HREaFAEsVOzUgYiwvFggUqUvoIZoXD2OjhzY2CEM7uVDaQTKP5bmqbchCBoVvywsqiGVYhwC8p2wMUzpW+Q==}
    engines: {node: '>=10'}
    peerDependencies:
      postcss: ^8.2.9
    dependencies:
      color-name: 1.1.4
      is-url-superb: 4.0.0
      postcss: 8.3.11
      quote-unquote: 1.0.0
    dev: false

  /postcss/8.3.11:
    resolution: {integrity: sha512-hCmlUAIlUiav8Xdqw3Io4LcpA1DOt7h3LSTAC4G6JGHFFaWzI6qvFt9oilvl8BmkbBRX1IhM90ZAmpk68zccQA==}
    engines: {node: ^10 || ^12 || >=14}
    dependencies:
      nanoid: 3.1.30
      picocolors: 1.0.0
      source-map-js: 0.6.2

  /queue-microtask/1.2.3:
    resolution: {integrity: sha512-NuaNSa6flKT5JaSYQzJok04JzTL1CA6aGhv5rfLW3PgqA+M2ChpZQnAC8h8i4ZFkBS8X5RqkDBHA7r4hej3K9A==}
    dev: true

  /quote-unquote/1.0.0:
    resolution: {integrity: sha1-Z6mncUjv/q+BpNQoQEpxC6qsigs=}
    dev: false

  /read-cache/1.0.0:
    resolution: {integrity: sha1-5mTvMRYRZsl1HNvo28+GtftY93Q=}
    dependencies:
      pify: 2.3.0
    dev: false

  /resolve/1.20.0:
    resolution: {integrity: sha512-wENBPt4ySzg4ybFQW2TT1zMQucPK95HSh/nq2CFTZVOGut2+pQvSsgtda4d26YrYcr067wjbmzOG8byDPBX63A==}
    dependencies:
      is-core-module: 2.8.0
      path-parse: 1.0.7

  /reusify/1.0.4:
    resolution: {integrity: sha512-U9nH88a3fc/ekCF1l0/UP1IosiuIjyTh7hBvXVMHYgVcfGvt897Xguj2UOLDeI5BG2m7/uwyaLVT6fbtCwTyzw==}
    engines: {iojs: '>=1.0.0', node: '>=0.10.0'}
    dev: true

  /rollup/2.60.1:
    resolution: {integrity: sha512-akwfnpjY0rXEDSn1UTVfKXJhPsEBu+imi1gqBA1ZkHGydUnkV/fWCC90P7rDaLEW8KTwBcS1G3N4893Ndz+jwg==}
    engines: {node: '>=10.0.0'}
    hasBin: true
    optionalDependencies:
      fsevents: 2.3.2
    dev: true

  /run-parallel/1.2.0:
    resolution: {integrity: sha512-5l4VyZR86LZ/lDxZTR6jqL8AFE2S0IFLMP26AbjsLVADxHdhB/c0GUsH+y39UfCi3dzz8OlQuPmnaJOMoDHQBA==}
    dependencies:
      queue-microtask: 1.2.3
    dev: true

  /source-map-js/0.6.2:
    resolution: {integrity: sha512-/3GptzWzu0+0MBQFrDKzw/DvvMTUORvgY6k6jd/VS6iCR4RDTKWH6v6WPwQoUO8667uQEf9Oe38DxAYWY5F/Ug==}
    engines: {node: '>=0.10.0'}

  /spark-md5/3.0.2:
    resolution: {integrity: sha512-wcFzz9cDfbuqe0FZzfi2or1sgyIrsDwmPwfZC4hiNidPdPINjeUwNfv5kldczoEAcjl9Y1L3SM7Uz2PUEQzxQw==}
    dev: false

  /to-regex-range/5.0.1:
    resolution: {integrity: sha512-65P7iz6X5yEr1cwcgvQxbbIw7Uk3gOy5dIdtZ4rDveLqhrdJP+Li/Hx6tyK0NEb+2GCyneCMJiGqrADCSNk8sQ==}
    engines: {node: '>=8.0'}
    dependencies:
      is-number: 7.0.0
    dev: true

  /turbolinks/5.2.0:
    resolution: {integrity: sha512-pMiez3tyBo6uRHFNNZoYMmrES/IaGgMhQQM+VFF36keryjb5ms0XkVpmKHkfW/4Vy96qiGW3K9bz0tF5sK9bBw==}
    dev: false

  /util-deprecate/1.0.2:
    resolution: {integrity: sha1-RQ1Nyfpw3nMnYvvS1KKJgUGaDM8=}
    dev: false

  /vite-plugin-ruby/3.0.3_vite@2.6.14:
    resolution: {integrity: sha512-RZMYOmhGwWwyDh00YIwKV2tO377Pqeke1bk3XJS5hBRGUnS5qgHLp6bqZH9yeLCxmlJ5kgWUzNkDmDDhV2BmNQ==}
    peerDependencies:
      vite: '>=2.5.0'
    dependencies:
      debug: 4.3.2
      fast-glob: 3.2.7
      vite: 2.6.14
    transitivePeerDependencies:
      - supports-color
    dev: true

  /vite/2.6.14:
    resolution: {integrity: sha512-2HA9xGyi+EhY2MXo0+A2dRsqsAG3eFNEVIo12olkWhOmc8LfiM+eMdrXf+Ruje9gdXgvSqjLI9freec1RUM5EA==}
    engines: {node: '>=12.2.0'}
    hasBin: true
    peerDependencies:
      less: '*'
      sass: '*'
      stylus: '*'
    peerDependenciesMeta:
      less:
        optional: true
      sass:
        optional: true
      stylus:
        optional: true
    dependencies:
      esbuild: 0.13.15
      postcss: 8.3.11
      resolve: 1.20.0
      rollup: 2.60.1
    optionalDependencies:
      fsevents: 2.3.2
    dev: true
